
Microsoft Visual Studio Solution File, Format Version 12.00
# Visual Studio 14
VisualStudioVersion = 14.0.25420.1
MinimumVisualStudioVersion = 10.0.40219.1
Project("{2150E333-8FDC-42A3-9474-1A3956D46DE8}") = "src", "src", "{B2696010-4FCE-4FA2-A286-654C8FAD4F77}"
EndProject
Project("{2150E333-8FDC-42A3-9474-1A3956D46DE8}") = "Solution Items", "Solution Items", "{7A8E7112-1497-4A40-9C18-BD1A471742C4}"
	ProjectSection(SolutionItems) = preProject
		global.json = global.json
	EndProjectSection
EndProject
Project("{8BB2217D-0F2D-49D1-97BC-3654ED321F3B}") = "SistemaValidacionDatos", "src\SistemaValidacionDatos\SistemaValidacionDatos.xproj", "{FBEC3546-F8F6-47A6-876D-9A6DC58D2070}"
EndProject
Global
	GlobalSection(SolutionConfigurationPlatforms) = preSolution
		Debug|Any CPU = Debug|Any CPU
		Release|Any CPU = Release|Any CPU
	EndGlobalSection
	GlobalSection(ProjectConfigurationPlatforms) = postSolution
		{FBEC3546-F8F6-47A6-876D-9A6DC58D2070}.Debug|Any CPU.ActiveCfg = Debug|Any CPU
		{FBEC3546-F8F6-47A6-876D-9A6DC58D2070}.Debug|Any CPU.Build.0 = Debug|Any CPU
		{FBEC3546-F8F6-47A6-876D-9A6DC58D2070}.Release|Any CPU.ActiveCfg = Release|Any CPU
		{FBEC3546-F8F6-47A6-876D-9A6DC58D2070}.Release|Any CPU.Build.0 = Release|Any CPU
	EndGlobalSection
	GlobalSection(SolutionProperties) = preSolution
		HideSolutionNode = FALSE
	EndGlobalSection
	GlobalSection(NestedProjects) = preSolution
		{FBEC3546-F8F6-47A6-876D-9A6DC58D2070} = {B2696010-4FCE-4FA2-A286-654C8FAD4F77}
	EndGlobalSection
EndGlobal
